{
  "name": "tester",
  "lockfileVersion": 3,
  "requires": true,
  "packages": {
    "": {
      "dependencies": {
        "@editorjs/editorjs": "^2.27.0"
      }
    },
    "node_modules/@editorjs/editorjs": {
      "version": "2.27.0",
      "resolved": "https://registry.npmjs.org/@editorjs/editorjs/-/editorjs-2.27.0.tgz",
      "integrity": "sha512-XyPnvu61Ynk4k7R/1gVYUJjrtuf9Tf0A+CZuvp2suW4z5TNHqNjBa9vRdr3ngHzhNSoZvgstrOO3zCVqVTezPg=="
    }
  }
}
